
Microsoft Visual Studio Solution File, Format Version 12.00
# Visual Studio Version 17
VisualStudioVersion = 17.6.33513.286
MinimumVisualStudioVersion = 10.0.40219.1
Project("{9A19103F-16F7-4668-BE54-9A1E7A4F7556}") = "MarketDataProvider", "MarketDataProvider\MarketDataProvider.csproj", "{43E5FC9F-9EB9-4A33-9E55-58FFFF9D8776}"
EndProject
Project("{9A19103F-16F7-4668-BE54-9A1E7A4F7556}") = "ConsoleUI", "ConsoleUI\ConsoleUI.csproj", "{0D9EDB8D-D8E6-433C-AA25-03E8F1F474A5}"
EndProject
Project("{9A19103F-16F7-4668-BE54-9A1E7A4F7556}") = "MarketDataProviderTests", "MarketDataProviderTests\MarketDataProviderTests.csproj", "{8CB280FD-EEBB-4B17-8355-CB36A2310B0B}"
EndProject
Project("{2150E333-8FDC-42A3-9474-1A3956D46DE8}") = "Solution Items", "Solution Items", "{C68F8CFD-BE2F-4D39-8FC0-A311B99D89A6}"
	ProjectSection(SolutionItems) = preProject
		README.md = README.md
	EndProjectSection
EndProject
Global
	GlobalSection(SolutionConfigurationPlatforms) = preSolution
		Debug|Any CPU = Debug|Any CPU
		Release|Any CPU = Release|Any CPU
	EndGlobalSection
	GlobalSection(ProjectConfigurationPlatforms) = postSolution
		{43E5FC9F-9EB9-4A33-9E55-58FFFF9D8776}.Debug|Any CPU.ActiveCfg = Debug|Any CPU
		{43E5FC9F-9EB9-4A33-9E55-58FFFF9D8776}.Debug|Any CPU.Build.0 = Debug|Any CPU
		{43E5FC9F-9EB9-4A33-9E55-58FFFF9D8776}.Release|Any CPU.ActiveCfg = Release|Any CPU
		{43E5FC9F-9EB9-4A33-9E55-58FFFF9D8776}.Release|Any CPU.Build.0 = Release|Any CPU
		{0D9EDB8D-D8E6-433C-AA25-03E8F1F474A5}.Debug|Any CPU.ActiveCfg = Debug|Any CPU
		{0D9EDB8D-D8E6-433C-AA25-03E8F1F474A5}.Debug|Any CPU.Build.0 = Debug|Any CPU
		{0D9EDB8D-D8E6-433C-AA25-03E8F1F474A5}.Release|Any CPU.ActiveCfg = Release|Any CPU
		{0D9EDB8D-D8E6-433C-AA25-03E8F1F474A5}.Release|Any CPU.Build.0 = Release|Any CPU
		{8CB280FD-EEBB-4B17-8355-CB36A2310B0B}.Debug|Any CPU.ActiveCfg = Debug|Any CPU
		{8CB280FD-EEBB-4B17-8355-CB36A2310B0B}.Debug|Any CPU.Build.0 = Debug|Any CPU
		{8CB280FD-EEBB-4B17-8355-CB36A2310B0B}.Release|Any CPU.ActiveCfg = Release|Any CPU
		{8CB280FD-EEBB-4B17-8355-CB36A2310B0B}.Release|Any CPU.Build.0 = Release|Any CPU
	EndGlobalSection
	GlobalSection(SolutionProperties) = preSolution
		HideSolutionNode = FALSE
	EndGlobalSection
	GlobalSection(ExtensibilityGlobals) = postSolution
		SolutionGuid = {27512ED0-861A-423F-AF11-1295F3FAE039}
	EndGlobalSection
EndGlobal
